
Microsoft Visual Studio Solution File, Format Version 12.00
# Visual Studio Version 17
VisualStudioVersion = 17.8.34525.116
MinimumVisualStudioVersion = 10.0.40219.1
Project("{FAE04EC0-301F-11D3-BF4B-00C04F79EFBC}") = "Workaround", "Workaround\Workaround.csproj", "{64EE449B-AFBE-4099-B0D5-9B409AE8CD93}"
EndProject
Project("{FAE04EC0-301F-11D3-BF4B-00C04F79EFBC}") = "Entities", "Entities\Entities.csproj", "{0BB55872-1B07-4736-860B-E64F7C984D41}"
EndProject
Project("{FAE04EC0-301F-11D3-BF4B-00C04F79EFBC}") = "Business", "Business\Business.csproj", "{77A5242A-C578-46FD-AA01-80A2D2F36465}"
EndProject
Global
	GlobalSection(SolutionConfigurationPlatforms) = preSolution
		Debug|Any CPU = Debug|Any CPU
		Release|Any CPU = Release|Any CPU
	EndGlobalSection
	GlobalSection(ProjectConfigurationPlatforms) = postSolution
		{64EE449B-AFBE-4099-B0D5-9B409AE8CD93}.Debug|Any CPU.ActiveCfg = Debug|Any CPU
		{64EE449B-AFBE-4099-B0D5-9B409AE8CD93}.Debug|Any CPU.Build.0 = Debug|Any CPU
		{64EE449B-AFBE-4099-B0D5-9B409AE8CD93}.Release|Any CPU.ActiveCfg = Release|Any CPU
		{64EE449B-AFBE-4099-B0D5-9B409AE8CD93}.Release|Any CPU.Build.0 = Release|Any CPU
		{0BB55872-1B07-4736-860B-E64F7C984D41}.Debug|Any CPU.ActiveCfg = Debug|Any CPU
		{0BB55872-1B07-4736-860B-E64F7C984D41}.Debug|Any CPU.Build.0 = Debug|Any CPU
		{0BB55872-1B07-4736-860B-E64F7C984D41}.Release|Any CPU.ActiveCfg = Release|Any CPU
		{0BB55872-1B07-4736-860B-E64F7C984D41}.Release|Any CPU.Build.0 = Release|Any CPU
		{77A5242A-C578-46FD-AA01-80A2D2F36465}.Debug|Any CPU.ActiveCfg = Debug|Any CPU
		{77A5242A-C578-46FD-AA01-80A2D2F36465}.Debug|Any CPU.Build.0 = Debug|Any CPU
		{77A5242A-C578-46FD-AA01-80A2D2F36465}.Release|Any CPU.ActiveCfg = Release|Any CPU
		{77A5242A-C578-46FD-AA01-80A2D2F36465}.Release|Any CPU.Build.0 = Release|Any CPU
	EndGlobalSection
	GlobalSection(SolutionProperties) = preSolution
		HideSolutionNode = FALSE
	EndGlobalSection
	GlobalSection(ExtensibilityGlobals) = postSolution
		SolutionGuid = {9A30C4C1-2544-4DDF-994F-26DECF511C8D}
	EndGlobalSection
EndGlobal
